// !$*UTF8*$!
{
	archiveVersion = 1;
	classes = {
	};
	objectVersion = 46;
	objects = {

/* Begin PBXBuildFile section */
		651A15BB87F30DF9F47ED5BC /* Pods_ProjectV3Tests.framework in Frameworks */ = {isa = PBXBuildFile; fileRef = 68BA14D05F7CC10DA488F326 /* Pods_ProjectV3Tests.framework */; };
		8702D27EBA07038C1CD7711C /* Pods_ProjectV3UITests.framework in Frameworks */ = {isa = PBXBuildFile; fileRef = 594280FB4918B5D7E9807147 /* Pods_ProjectV3UITests.framework */; };
		B5E50EAE1466230D55FA24DC /* Pods_ProjectV3.framework in Frameworks */ = {isa = PBXBuildFile; fileRef = EAA8FCE15E796BA776A07F1B /* Pods_ProjectV3.framework */; };
		F036040B20698CB600C3C634 /* GTMOAuth2.framework in Frameworks */ = {isa = PBXBuildFile; fileRef = F036040A20698CB600C3C634 /* GTMOAuth2.framework */; };
		F036040D20698CBB00C3C634 /* GTMSessionFetcher.framework in Frameworks */ = {isa = PBXBuildFile; fileRef = F036040C20698CBB00C3C634 /* GTMSessionFetcher.framework */; };
		F057EF8820698C65003D1FDD /* GoogleToolboxForMac.framework in Frameworks */ = {isa = PBXBuildFile; fileRef = F0053308203303630000381E /* GoogleToolboxForMac.framework */; };
		F0A0D937206A4BB700582EFE /* GTMOAuth2.framework in Embed Frameworks */ = {isa = PBXBuildFile; fileRef = F036040A20698CB600C3C634 /* GTMOAuth2.framework */; settings = {ATTRIBUTES = (CodeSignOnCopy, RemoveHeadersOnCopy, ); }; };
		F0A0D938206A4BBE00582EFE /* GoogleToolboxForMac.framework in Embed Frameworks */ = {isa = PBXBuildFile; fileRef = F0053308203303630000381E /* GoogleToolboxForMac.framework */; settings = {ATTRIBUTES = (CodeSignOnCopy, RemoveHeadersOnCopy, ); }; };
		F0A0D939206A4BC400582EFE /* GTMSessionFetcher.framework in Embed Frameworks */ = {isa = PBXBuildFile; fileRef = F036040C20698CBB00C3C634 /* GTMSessionFetcher.framework */; settings = {ATTRIBUTES = (CodeSignOnCopy, RemoveHeadersOnCopy, ); }; };
		F0A0D978209DA26C00582EFE /* SwiftOTP.framework in Frameworks */ = {isa = PBXBuildFile; fileRef = F0A0D979209DA26C00582EFE /* SwiftOTP.framework */; settings = {ATTRIBUTES = (Required, ); }; };
		F0A0D97A209DA28400582EFE /* CryptoSwift.framework in Frameworks */ = {isa = PBXBuildFile; fileRef = F0053306203303330000381E /* CryptoSwift.framework */; };
		F0A0D97C209DA79C00582EFE /* Generator.swift in Sources */ = {isa = PBXBuildFile; fileRef = F0A0D97B209DA79C00582EFE /* Generator.swift */; };
		F0A0D97E209DA81C00582EFE /* HOTP.swift in Sources */ = {isa = PBXBuildFile; fileRef = F0A0D97D209DA81C00582EFE /* HOTP.swift */; };
		F0A0D980209DA87F00582EFE /* OTPAlgorithm.swift in Sources */ = {isa = PBXBuildFile; fileRef = F0A0D97F209DA87F00582EFE /* OTPAlgorithm.swift */; };
		F0A0D984209DA8D000582EFE /* TOTP.swift in Sources */ = {isa = PBXBuildFile; fileRef = F0A0D983209DA8D000582EFE /* TOTP.swift */; };
		F0A0D986209F0BC900582EFE /* Base32.swift in Sources */ = {isa = PBXBuildFile; fileRef = F0A0D985209F0BC900582EFE /* Base32.swift */; };
		F0A0D988209F0BF700582EFE /* StringExtension.swift in Sources */ = {isa = PBXBuildFile; fileRef = F0A0D987209F0BF700582EFE /* StringExtension.swift */; };
		F0A76E7620EA1BA4001504A1 /* Product3.swift in Sources */ = {isa = PBXBuildFile; fileRef = F0A76E6620EA1BA1001504A1 /* Product3.swift */; };
		F0A76E7720EA1BA4001504A1 /* HomeController.swift in Sources */ = {isa = PBXBuildFile; fileRef = F0A76E6720EA1BA1001504A1 /* HomeController.swift */; };
		F0A76E7820EA1BA4001504A1 /* MenuBarController.swift in Sources */ = {isa = PBXBuildFile; fileRef = F0A76E6820EA1BA1001504A1 /* MenuBarController.swift */; };
		F0A76E7920EA1BA4001504A1 /* Product4.swift in Sources */ = {isa = PBXBuildFile; fileRef = F0A76E6920EA1BA2001504A1 /* Product4.swift */; };
		F0A76E7A20EA1BA4001504A1 /* Product0.swift in Sources */ = {isa = PBXBuildFile; fileRef = F0A76E6A20EA1BA2001504A1 /* Product0.swift */; };
		F0A76E7B20EA1BA4001504A1 /* MenuBar.swift in Sources */ = {isa = PBXBuildFile; fileRef = F0A76E6B20EA1BA2001504A1 /* MenuBar.swift */; };
		F0A76E7C20EA1BA4001504A1 /* Product5.swift in Sources */ = {isa = PBXBuildFile; fileRef = F0A76E6C20EA1BA2001504A1 /* Product5.swift */; };
		F0A76E7D20EA1BA4001504A1 /* Product6.swift in Sources */ = {isa = PBXBuildFile; fileRef = F0A76E6D20EA1BA2001504A1 /* Product6.swift */; };
		F0A76E7E20EA1BA4001504A1 /* Product1.swift in Sources */ = {isa = PBXBuildFile; fileRef = F0A76E6E20EA1BA2001504A1 /* Product1.swift */; };
		F0A76E7F20EA1BA4001504A1 /* ProductCell.swift in Sources */ = {isa = PBXBuildFile; fileRef = F0A76E6F20EA1BA2001504A1 /* ProductCell.swift */; };
		F0A76E8020EA1BA4001504A1 /* Product.swift in Sources */ = {isa = PBXBuildFile; fileRef = F0A76E7020EA1BA3001504A1 /* Product.swift */; };
		F0A76E8120EA1BA4001504A1 /* FeedCell.swift in Sources */ = {isa = PBXBuildFile; fileRef = F0A76E7120EA1BA3001504A1 /* FeedCell.swift */; };
		F0A76E8220EA1BA4001504A1 /* SearchController.swift in Sources */ = {isa = PBXBuildFile; fileRef = F0A76E7220EA1BA3001504A1 /* SearchController.swift */; };
		F0A76E8320EA1BA4001504A1 /* Extension.swift in Sources */ = {isa = PBXBuildFile; fileRef = F0A76E7320EA1BA3001504A1 /* Extension.swift */; };
		F0A76E8420EA1BA4001504A1 /* Product2.swift in Sources */ = {isa = PBXBuildFile; fileRef = F0A76E7420EA1BA3001504A1 /* Product2.swift */; };
		F0A76E8520EA1BA4001504A1 /* AccountController.swift in Sources */ = {isa = PBXBuildFile; fileRef = F0A76E7520EA1BA3001504A1 /* AccountController.swift */; };
		F0C6DBB51F571655004DC2C0 /* AppDelegate.swift in Sources */ = {isa = PBXBuildFile; fileRef = F0C6DBB41F571655004DC2C0 /* AppDelegate.swift */; };
		F0C6DBB71F571655004DC2C0 /* ViewController.swift in Sources */ = {isa = PBXBuildFile; fileRef = F0C6DBB61F571655004DC2C0 /* ViewController.swift */; };
		F0C6DBBA1F571655004DC2C0 /* Main.storyboard in Resources */ = {isa = PBXBuildFile; fileRef = F0C6DBB81F571655004DC2C0 /* Main.storyboard */; };
		F0C6DBBC1F571655004DC2C0 /* Assets.xcassets in Resources */ = {isa = PBXBuildFile; fileRef = F0C6DBBB1F571655004DC2C0 /* Assets.xcassets */; };
		F0C6DBBF1F571655004DC2C0 /* LaunchScreen.storyboard in Resources */ = {isa = PBXBuildFile; fileRef = F0C6DBBD1F571655004DC2C0 /* LaunchScreen.storyboard */; };
		F0C6DBCA1F571655004DC2C0 /* ProjectV3Tests.swift in Sources */ = {isa = PBXBuildFile; fileRef = F0C6DBC91F571655004DC2C0 /* ProjectV3Tests.swift */; };
		F0C6DBD51F571655004DC2C0 /* ProjectV3UITests.swift in Sources */ = {isa = PBXBuildFile; fileRef = F0C6DBD41F571655004DC2C0 /* ProjectV3UITests.swift */; };
		F0C6DBE41F571B26004DC2C0 /* LoginController.swift in Sources */ = {isa = PBXBuildFile; fileRef = F0C6DBE31F571B26004DC2C0 /* LoginController.swift */; };
		F0C6DBE81F5AF95C004DC2C0 /* GoogleService-Info.plist in Resources */ = {isa = PBXBuildFile; fileRef = F0C6DBE71F5AF95C004DC2C0 /* GoogleService-Info.plist */; };
		F0C6DBEF1F5D6D26004DC2C0 /* ForgotPasswordController.swift in Sources */ = {isa = PBXBuildFile; fileRef = F0C6DBEE1F5D6D26004DC2C0 /* ForgotPasswordController.swift */; };
		F0F08D17204922AE000C1D2B /* PaymentController.swift in Sources */ = {isa = PBXBuildFile; fileRef = F0F08D16204922AE000C1D2B /* PaymentController.swift */; };
		F0F08D19204928BF000C1D2B /* OTPController.swift in Sources */ = {isa = PBXBuildFile; fileRef = F0F08D18204928BF000C1D2B /* OTPController.swift */; };
/* End PBXBuildFile section */

/* Begin PBXContainerItemProxy section */
		F0C6DBC61F571655004DC2C0 /* PBXContainerItemProxy */ = {
			isa = PBXContainerItemProxy;
			containerPortal = F0C6DBA91F571655004DC2C0 /* Project object */;
			proxyType = 1;
			remoteGlobalIDString = F0C6DBB01F571655004DC2C0;
			remoteInfo = ProjectV3;
		};
		F0C6DBD11F571655004DC2C0 /* PBXContainerItemProxy */ = {
			isa = PBXContainerItemProxy;
			containerPortal = F0C6DBA91F571655004DC2C0 /* Project object */;
			proxyType = 1;
			remoteGlobalIDString = F0C6DBB01F571655004DC2C0;
			remoteInfo = ProjectV3;
		};
/* End PBXContainerItemProxy section */

/* Begin PBXCopyFilesBuildPhase section */
		F033D1722048393000964728 /* Embed Frameworks */ = {
			isa = PBXCopyFilesBuildPhase;
			buildActionMask = 2147483647;
			dstPath = "";
			dstSubfolderSpec = 10;
			files = (
				F0A0D939206A4BC400582EFE /* GTMSessionFetcher.framework in Embed Frameworks */,
				F0A0D938206A4BBE00582EFE /* GoogleToolboxForMac.framework in Embed Frameworks */,
				F0A0D937206A4BB700582EFE /* GTMOAuth2.framework in Embed Frameworks */,
			);
			name = "Embed Frameworks";
			runOnlyForDeploymentPostprocessing = 0;
		};
/* End PBXCopyFilesBuildPhase section */

/* Begin PBXFileReference section */
		15746CB48C3CC905C62C4977 /* Pods-ProjectV3.release.xcconfig */ = {isa = PBXFileReference; includeInIndex = 1; lastKnownFileType = text.xcconfig; name = "Pods-ProjectV3.release.xcconfig"; path = "Pods/Target Support Files/Pods-ProjectV3/Pods-ProjectV3.release.xcconfig"; sourceTree = "<group>"; };
		1D73F696EEE921E1212B16D7 /* Pods-ProjectV3Tests.debug.xcconfig */ = {isa = PBXFileReference; includeInIndex = 1; lastKnownFileType = text.xcconfig; name = "Pods-ProjectV3Tests.debug.xcconfig"; path = "Pods/Target Support Files/Pods-ProjectV3Tests/Pods-ProjectV3Tests.debug.xcconfig"; sourceTree = "<group>"; };
		3BB259376C3EDB7B58402DD8 /* Pods-ProjectV3UITests.release.xcconfig */ = {isa = PBXFileReference; includeInIndex = 1; lastKnownFileType = text.xcconfig; name = "Pods-ProjectV3UITests.release.xcconfig"; path = "Pods/Target Support Files/Pods-ProjectV3UITests/Pods-ProjectV3UITests.release.xcconfig"; sourceTree = "<group>"; };
		594280FB4918B5D7E9807147 /* Pods_ProjectV3UITests.framework */ = {isa = PBXFileReference; explicitFileType = wrapper.framework; includeInIndex = 0; path = Pods_ProjectV3UITests.framework; sourceTree = BUILT_PRODUCTS_DIR; };
		68BA14D05F7CC10DA488F326 /* Pods_ProjectV3Tests.framework */ = {isa = PBXFileReference; explicitFileType = wrapper.framework; includeInIndex = 0; path = Pods_ProjectV3Tests.framework; sourceTree = BUILT_PRODUCTS_DIR; };
		6CC8ACCD7AD140AF816661C9 /* Pods-ProjectV3.debug.xcconfig */ = {isa = PBXFileReference; includeInIndex = 1; lastKnownFileType = text.xcconfig; name = "Pods-ProjectV3.debug.xcconfig"; path = "Pods/Target Support Files/Pods-ProjectV3/Pods-ProjectV3.debug.xcconfig"; sourceTree = "<group>"; };
		79B11A2DF7582F0360476491 /* Pods-ProjectV3Tests.release.xcconfig */ = {isa = PBXFileReference; includeInIndex = 1; lastKnownFileType = text.xcconfig; name = "Pods-ProjectV3Tests.release.xcconfig"; path = "Pods/Target Support Files/Pods-ProjectV3Tests/Pods-ProjectV3Tests.release.xcconfig"; sourceTree = "<group>"; };
		A36C5EEFA4CD40E0BC6C6084 /* Pods-ProjectV3UITests.debug.xcconfig */ = {isa = PBXFileReference; includeInIndex = 1; lastKnownFileType = text.xcconfig; name = "Pods-ProjectV3UITests.debug.xcconfig"; path = "Pods/Target Support Files/Pods-ProjectV3UITests/Pods-ProjectV3UITests.debug.xcconfig"; sourceTree = "<group>"; };
		EAA8FCE15E796BA776A07F1B /* Pods_ProjectV3.framework */ = {isa = PBXFileReference; explicitFileType = wrapper.framework; includeInIndex = 0; path = Pods_ProjectV3.framework; sourceTree = BUILT_PRODUCTS_DIR; };
		F0053306203303330000381E /* CryptoSwift.framework */ = {isa = PBXFileReference; lastKnownFileType = wrapper.framework; name = CryptoSwift.framework; path = "../../Library/Developer/Xcode/DerivedData/ProjectV3-hjezpiswtjgqvsdcodqnrzgcwbul/Build/Products/Debug-iphonesimulator/CryptoSwift/CryptoSwift.framework"; sourceTree = "<group>"; };
		F0053308203303630000381E /* GoogleToolboxForMac.framework */ = {isa = PBXFileReference; lastKnownFileType = wrapper.framework; name = GoogleToolboxForMac.framework; path = "../../Library/Developer/Xcode/DerivedData/ProjectV3-hjezpiswtjgqvsdcodqnrzgcwbul/Build/Products/Debug-iphonesimulator/GoogleToolboxForMac/GoogleToolboxForMac.framework"; sourceTree = "<group>"; };
		F036040A20698CB600C3C634 /* GTMOAuth2.framework */ = {isa = PBXFileReference; lastKnownFileType = wrapper.framework; name = GTMOAuth2.framework; path = "../../Library/Developer/Xcode/DerivedData/ProjectV3-hjezpiswtjgqvsdcodqnrzgcwbul/Build/Products/Debug-iphonesimulator/GTMOAuth2/GTMOAuth2.framework"; sourceTree = "<group>"; };
		F036040C20698CBB00C3C634 /* GTMSessionFetcher.framework */ = {isa = PBXFileReference; lastKnownFileType = wrapper.framework; name = GTMSessionFetcher.framework; path = "../../Library/Developer/Xcode/DerivedData/ProjectV3-hjezpiswtjgqvsdcodqnrzgcwbul/Build/Products/Debug-iphonesimulator/GTMSessionFetcher/GTMSessionFetcher.framework"; sourceTree = "<group>"; };
		F0A0D979209DA26C00582EFE /* SwiftOTP.framework */ = {isa = PBXFileReference; explicitFileType = wrapper.framework; path = SwiftOTP.framework; sourceTree = BUILT_PRODUCTS_DIR; };
		F0A0D97B209DA79C00582EFE /* Generator.swift */ = {isa = PBXFileReference; lastKnownFileType = sourcecode.swift; path = Generator.swift; sourceTree = "<group>"; };
		F0A0D97D209DA81C00582EFE /* HOTP.swift */ = {isa = PBXFileReference; lastKnownFileType = sourcecode.swift; path = HOTP.swift; sourceTree = "<group>"; };
		F0A0D97F209DA87F00582EFE /* OTPAlgorithm.swift */ = {isa = PBXFileReference; lastKnownFileType = sourcecode.swift; path = OTPAlgorithm.swift; sourceTree = "<group>"; };
		F0A0D983209DA8D000582EFE /* TOTP.swift */ = {isa = PBXFileReference; lastKnownFileType = sourcecode.swift; path = TOTP.swift; sourceTree = "<group>"; };
		F0A0D985209F0BC900582EFE /* Base32.swift */ = {isa = PBXFileReference; lastKnownFileType = sourcecode.swift; path = Base32.swift; sourceTree = "<group>"; };
		F0A0D987209F0BF700582EFE /* StringExtension.swift */ = {isa = PBXFileReference; lastKnownFileType = sourcecode.swift; path = StringExtension.swift; sourceTree = "<group>"; };
		F0A76E6620EA1BA1001504A1 /* Product3.swift */ = {isa = PBXFileReference; fileEncoding = 4; lastKnownFileType = sourcecode.swift; path = Product3.swift; sourceTree = "<group>"; };
		F0A76E6720EA1BA1001504A1 /* HomeController.swift */ = {isa = PBXFileReference; fileEncoding = 4; lastKnownFileType = sourcecode.swift; path = HomeController.swift; sourceTree = "<group>"; };
		F0A76E6820EA1BA1001504A1 /* MenuBarController.swift */ = {isa = PBXFileReference; fileEncoding = 4; lastKnownFileType = sourcecode.swift; path = MenuBarController.swift; sourceTree = "<group>"; };
		F0A76E6920EA1BA2001504A1 /* Product4.swift */ = {isa = PBXFileReference; fileEncoding = 4; lastKnownFileType = sourcecode.swift; path = Product4.swift; sourceTree = "<group>"; };
		F0A76E6A20EA1BA2001504A1 /* Product0.swift */ = {isa = PBXFileReference; fileEncoding = 4; lastKnownFileType = sourcecode.swift; path = Product0.swift; sourceTree = "<group>"; };
		F0A76E6B20EA1BA2001504A1 /* MenuBar.swift */ = {isa = PBXFileReference; fileEncoding = 4; lastKnownFileType = sourcecode.swift; path = MenuBar.swift; sourceTree = "<group>"; };
		F0A76E6C20EA1BA2001504A1 /* Product5.swift */ = {isa = PBXFileReference; fileEncoding = 4; lastKnownFileType = sourcecode.swift; path = Product5.swift; sourceTree = "<group>"; };
		F0A76E6D20EA1BA2001504A1 /* Product6.swift */ = {isa = PBXFileReference; fileEncoding = 4; lastKnownFileType = sourcecode.swift; path = Product6.swift; sourceTree = "<group>"; };
		F0A76E6E20EA1BA2001504A1 /* Product1.swift */ = {isa = PBXFileReference; fileEncoding = 4; lastKnownFileType = sourcecode.swift; path = Product1.swift; sourceTree = "<group>"; };
		F0A76E6F20EA1BA2001504A1 /* ProductCell.swift */ = {isa = PBXFileReference; fileEncoding = 4; lastKnownFileType = sourcecode.swift; path = ProductCell.swift; sourceTree = "<group>"; };
		F0A76E7020EA1BA3001504A1 /* Product.swift */ = {isa = PBXFileReference; fileEncoding = 4; lastKnownFileType = sourcecode.swift; path = Product.swift; sourceTree = "<group>"; };
		F0A76E7120EA1BA3001504A1 /* FeedCell.swift */ = {isa = PBXFileReference; fileEncoding = 4; lastKnownFileType = sourcecode.swift; path = FeedCell.swift; sourceTree = "<group>"; };
		F0A76E7220EA1BA3001504A1 /* SearchController.swift */ = {isa = PBXFileReference; fileEncoding = 4; lastKnownFileType = sourcecode.swift; path = SearchController.swift; sourceTree = "<group>"; };
		F0A76E7320EA1BA3001504A1 /* Extension.swift */ = {isa = PBXFileReference; fileEncoding = 4; lastKnownFileType = sourcecode.swift; path = Extension.swift; sourceTree = "<group>"; };
		F0A76E7420EA1BA3001504A1 /* Product2.swift */ = {isa = PBXFileReference; fileEncoding = 4; lastKnownFileType = sourcecode.swift; path = Product2.swift; sourceTree = "<group>"; };
		F0A76E7520EA1BA3001504A1 /* AccountController.swift */ = {isa = PBXFileReference; fileEncoding = 4; lastKnownFileType = sourcecode.swift; path = AccountController.swift; sourceTree = "<group>"; };
		F0C6DBB11F571655004DC2C0 /* ProjectV3.app */ = {isa = PBXFileReference; explicitFileType = wrapper.application; includeInIndex = 0; path = ProjectV3.app; sourceTree = BUILT_PRODUCTS_DIR; };
		F0C6DBB41F571655004DC2C0 /* AppDelegate.swift */ = {isa = PBXFileReference; lastKnownFileType = sourcecode.swift; path = AppDelegate.swift; sourceTree = "<group>"; };
		F0C6DBB61F571655004DC2C0 /* ViewController.swift */ = {isa = PBXFileReference; lastKnownFileType = sourcecode.swift; path = ViewController.swift; sourceTree = "<group>"; };
		F0C6DBB91F571655004DC2C0 /* Base */ = {isa = PBXFileReference; lastKnownFileType = file.storyboard; name = Base; path = Base.lproj/Main.storyboard; sourceTree = "<group>"; };
		F0C6DBBB1F571655004DC2C0 /* Assets.xcassets */ = {isa = PBXFileReference; lastKnownFileType = folder.assetcatalog; path = Assets.xcassets; sourceTree = "<group>"; };
		F0C6DBBE1F571655004DC2C0 /* Base */ = {isa = PBXFileReference; lastKnownFileType = file.storyboard; name = Base; path = Base.lproj/LaunchScreen.storyboard; sourceTree = "<group>"; };
		F0C6DBC01F571655004DC2C0 /* Info.plist */ = {isa = PBXFileReference; lastKnownFileType = text.plist.xml; path = Info.plist; sourceTree = "<group>"; };
		F0C6DBC51F571655004DC2C0 /* ProjectV3Tests.xctest */ = {isa = PBXFileReference; explicitFileType = wrapper.cfbundle; includeInIndex = 0; path = ProjectV3Tests.xctest; sourceTree = BUILT_PRODUCTS_DIR; };
		F0C6DBC91F571655004DC2C0 /* ProjectV3Tests.swift */ = {isa = PBXFileReference; lastKnownFileType = sourcecode.swift; path = ProjectV3Tests.swift; sourceTree = "<group>"; };
		F0C6DBCB1F571655004DC2C0 /* Info.plist */ = {isa = PBXFileReference; lastKnownFileType = text.plist.xml; path = Info.plist; sourceTree = "<group>"; };
		F0C6DBD01F571655004DC2C0 /* ProjectV3UITests.xctest */ = {isa = PBXFileReference; explicitFileType = wrapper.cfbundle; includeInIndex = 0; path = ProjectV3UITests.xctest; sourceTree = BUILT_PRODUCTS_DIR; };
		F0C6DBD41F571655004DC2C0 /* ProjectV3UITests.swift */ = {isa = PBXFileReference; lastKnownFileType = sourcecode.swift; path = ProjectV3UITests.swift; sourceTree = "<group>"; };
		F0C6DBD61F571655004DC2C0 /* Info.plist */ = {isa = PBXFileReference; lastKnownFileType = text.plist.xml; path = Info.plist; sourceTree = "<group>"; };
		F0C6DBE31F571B26004DC2C0 /* LoginController.swift */ = {isa = PBXFileReference; fileEncoding = 4; lastKnownFileType = sourcecode.swift; path = LoginController.swift; sourceTree = "<group>"; };
		F0C6DBE71F5AF95C004DC2C0 /* GoogleService-Info.plist */ = {isa = PBXFileReference; fileEncoding = 4; lastKnownFileType = text.plist.xml; name = "GoogleService-Info.plist"; path = "../../../Downloads/GoogleService-Info.plist"; sourceTree = "<group>"; };
		F0C6DBEE1F5D6D26004DC2C0 /* ForgotPasswordController.swift */ = {isa = PBXFileReference; fileEncoding = 4; lastKnownFileType = sourcecode.swift; path = ForgotPasswordController.swift; sourceTree = "<group>"; };
		F0F08D16204922AE000C1D2B /* PaymentController.swift */ = {isa = PBXFileReference; fileEncoding = 4; lastKnownFileType = sourcecode.swift; path = PaymentController.swift; sourceTree = "<group>"; };
		F0F08D18204928BF000C1D2B /* OTPController.swift */ = {isa = PBXFileReference; fileEncoding = 4; lastKnownFileType = sourcecode.swift; path = OTPController.swift; sourceTree = "<group>"; };
/* End PBXFileReference section */

/* Begin PBXFrameworksBuildPhase section */
		F0C6DBAE1F571655004DC2C0 /* Frameworks */ = {
			isa = PBXFrameworksBuildPhase;
			buildActionMask = 2147483647;
			files = (
				F0A0D97A209DA28400582EFE /* CryptoSwift.framework in Frameworks */,
				F0A0D978209DA26C00582EFE /* SwiftOTP.framework in Frameworks */,
				F036040D20698CBB00C3C634 /* GTMSessionFetcher.framework in Frameworks */,
				F036040B20698CB600C3C634 /* GTMOAuth2.framework in Frameworks */,
				F057EF8820698C65003D1FDD /* GoogleToolboxForMac.framework in Frameworks */,
				B5E50EAE1466230D55FA24DC /* Pods_ProjectV3.framework in Frameworks */,
			);
			runOnlyForDeploymentPostprocessing = 0;
		};
		F0C6DBC21F571655004DC2C0 /* Frameworks */ = {
			isa = PBXFrameworksBuildPhase;
			buildActionMask = 2147483647;
			files = (
				651A15BB87F30DF9F47ED5BC /* Pods_ProjectV3Tests.framework in Frameworks */,
			);
			runOnlyForDeploymentPostprocessing = 0;
		};
		F0C6DBCD1F571655004DC2C0 /* Frameworks */ = {
			isa = PBXFrameworksBuildPhase;
			buildActionMask = 2147483647;
			files = (
				8702D27EBA07038C1CD7711C /* Pods_ProjectV3UITests.framework in Frameworks */,
			);
			runOnlyForDeploymentPostprocessing = 0;
		};
/* End PBXFrameworksBuildPhase section */

/* Begin PBXGroup section */
		02ABA77059B12E32B2F3D72F /* Pods */ = {
			isa = PBXGroup;
			children = (
				6CC8ACCD7AD140AF816661C9 /* Pods-ProjectV3.debug.xcconfig */,
				15746CB48C3CC905C62C4977 /* Pods-ProjectV3.release.xcconfig */,
				1D73F696EEE921E1212B16D7 /* Pods-ProjectV3Tests.debug.xcconfig */,
				79B11A2DF7582F0360476491 /* Pods-ProjectV3Tests.release.xcconfig */,
				A36C5EEFA4CD40E0BC6C6084 /* Pods-ProjectV3UITests.debug.xcconfig */,
				3BB259376C3EDB7B58402DD8 /* Pods-ProjectV3UITests.release.xcconfig */,
			);
			name = Pods;
			sourceTree = "<group>";
		};
		1A018CF94A26AB69489FBED1 /* Frameworks */ = {
			isa = PBXGroup;
			children = (
				F0A0D979209DA26C00582EFE /* SwiftOTP.framework */,
				F036040C20698CBB00C3C634 /* GTMSessionFetcher.framework */,
				F036040A20698CB600C3C634 /* GTMOAuth2.framework */,
				F0053308203303630000381E /* GoogleToolboxForMac.framework */,
				F0053306203303330000381E /* CryptoSwift.framework */,
				EAA8FCE15E796BA776A07F1B /* Pods_ProjectV3.framework */,
				68BA14D05F7CC10DA488F326 /* Pods_ProjectV3Tests.framework */,
				594280FB4918B5D7E9807147 /* Pods_ProjectV3UITests.framework */,
			);
			name = Frameworks;
			sourceTree = "<group>";
		};
		F0C6DBA81F571655004DC2C0 = {
			isa = PBXGroup;
			children = (
				F0C6DBB31F571655004DC2C0 /* ProjectV3 */,
				F0C6DBC81F571655004DC2C0 /* ProjectV3Tests */,
				F0C6DBD31F571655004DC2C0 /* ProjectV3UITests */,
				F0C6DBB21F571655004DC2C0 /* Products */,
				02ABA77059B12E32B2F3D72F /* Pods */,
				1A018CF94A26AB69489FBED1 /* Frameworks */,
			);
			sourceTree = "<group>";
		};
		F0C6DBB21F571655004DC2C0 /* Products */ = {
			isa = PBXGroup;
			children = (
				F0C6DBB11F571655004DC2C0 /* ProjectV3.app */,
				F0C6DBC51F571655004DC2C0 /* ProjectV3Tests.xctest */,
				F0C6DBD01F571655004DC2C0 /* ProjectV3UITests.xctest */,
			);
			name = Products;
			sourceTree = "<group>";
		};
		F0C6DBB31F571655004DC2C0 /* ProjectV3 */ = {
			isa = PBXGroup;
			children = (
				F0C6DBE71F5AF95C004DC2C0 /* GoogleService-Info.plist */,
				F0C6DBE21F571ACA004DC2C0 /* Controller */,
				F0C6DBB41F571655004DC2C0 /* AppDelegate.swift */,
				F0C6DBB81F571655004DC2C0 /* Main.storyboard */,
				F0C6DBBB1F571655004DC2C0 /* Assets.xcassets */,
				F0C6DBBD1F571655004DC2C0 /* LaunchScreen.storyboard */,
				F0C6DBC01F571655004DC2C0 /* Info.plist */,
			);
			path = ProjectV3;
			sourceTree = "<group>";
		};
		F0C6DBC81F571655004DC2C0 /* ProjectV3Tests */ = {
			isa = PBXGroup;
			children = (
				F0C6DBC91F571655004DC2C0 /* ProjectV3Tests.swift */,
				F0C6DBCB1F571655004DC2C0 /* Info.plist */,
			);
			path = ProjectV3Tests;
			sourceTree = "<group>";
		};
		F0C6DBD31F571655004DC2C0 /* ProjectV3UITests */ = {
			isa = PBXGroup;
			children = (
				F0C6DBD41F571655004DC2C0 /* ProjectV3UITests.swift */,
				F0C6DBD61F571655004DC2C0 /* Info.plist */,
			);
			path = ProjectV3UITests;
			sourceTree = "<group>";
		};
		F0C6DBE21F571ACA004DC2C0 /* Controller */ = {
			isa = PBXGroup;
			children = (
				F0A76E7520EA1BA3001504A1 /* AccountController.swift */,
				F0A76E7320EA1BA3001504A1 /* Extension.swift */,
				F0A76E7120EA1BA3001504A1 /* FeedCell.swift */,
				F0A76E6B20EA1BA2001504A1 /* MenuBar.swift */,
				F0A76E7020EA1BA3001504A1 /* Product.swift */,
				F0A76E6720EA1BA1001504A1 /* HomeController.swift */,
				F0A76E6820EA1BA1001504A1 /* MenuBarController.swift */,
				F0A76E6A20EA1BA2001504A1 /* Product0.swift */,
				F0A76E6E20EA1BA2001504A1 /* Product1.swift */,
				F0A76E7420EA1BA3001504A1 /* Product2.swift */,
				F0A76E6620EA1BA1001504A1 /* Product3.swift */,
				F0A76E6920EA1BA2001504A1 /* Product4.swift */,
				F0A76E6C20EA1BA2001504A1 /* Product5.swift */,
				F0A76E6D20EA1BA2001504A1 /* Product6.swift */,
				F0A76E6F20EA1BA2001504A1 /* ProductCell.swift */,
				F0A76E7220EA1BA3001504A1 /* SearchController.swift */,
				F0C6DBE31F571B26004DC2C0 /* LoginController.swift */,
				F0C6DBB61F571655004DC2C0 /* ViewController.swift */,
				F0C6DBEE1F5D6D26004DC2C0 /* ForgotPasswordController.swift */,
				F0F08D16204922AE000C1D2B /* PaymentController.swift */,
				F0F08D18204928BF000C1D2B /* OTPController.swift */,
				F0A0D97B209DA79C00582EFE /* Generator.swift */,
				F0A0D97D209DA81C00582EFE /* HOTP.swift */,
				F0A0D983209DA8D000582EFE /* TOTP.swift */,
				F0A0D97F209DA87F00582EFE /* OTPAlgorithm.swift */,
				F0A0D985209F0BC900582EFE /* Base32.swift */,
				F0A0D987209F0BF700582EFE /* StringExtension.swift */,
			);
			name = Controller;
			sourceTree = "<group>";
		};
/* End PBXGroup section */

/* Begin PBXNativeTarget section */
		F0C6DBB01F571655004DC2C0 /* ProjectV3 */ = {
			isa = PBXNativeTarget;
			buildConfigurationList = F0C6DBD91F571655004DC2C0 /* Build configuration list for PBXNativeTarget "ProjectV3" */;
			buildPhases = (
				B943DDF6C0270976E53202F4 /* [CP] Check Pods Manifest.lock */,
				F0C6DBAD1F571655004DC2C0 /* Sources */,
				F0C6DBAE1F571655004DC2C0 /* Frameworks */,
				F0C6DBAF1F571655004DC2C0 /* Resources */,
				CB8ED5365395E39BADCB79C6 /* [CP] Embed Pods Frameworks */,
				1613DD0B1389D24B4BA448E8 /* [CP] Copy Pods Resources */,
				F033D1722048393000964728 /* Embed Frameworks */,
			);
			buildRules = (
			);
			dependencies = (
			);
			name = ProjectV3;
			productName = ProjectV3;
			productReference = F0C6DBB11F571655004DC2C0 /* ProjectV3.app */;
			productType = "com.apple.product-type.application";
		};
		F0C6DBC41F571655004DC2C0 /* ProjectV3Tests */ = {
			isa = PBXNativeTarget;
			buildConfigurationList = F0C6DBDC1F571655004DC2C0 /* Build configuration list for PBXNativeTarget "ProjectV3Tests" */;
			buildPhases = (
				AD2883020E193911E3CB1EB3 /* [CP] Check Pods Manifest.lock */,
				F0C6DBC11F571655004DC2C0 /* Sources */,
				F0C6DBC21F571655004DC2C0 /* Frameworks */,
				F0C6DBC31F571655004DC2C0 /* Resources */,
				1B78DE245EE98B943C1CC841 /* [CP] Embed Pods Frameworks */,
				C7D49F88FA89FE3573A5AD42 /* [CP] Copy Pods Resources */,
			);
			buildRules = (
			);
			dependencies = (
				F0C6DBC71F571655004DC2C0 /* PBXTargetDependency */,
			);
			name = ProjectV3Tests;
			productName = ProjectV3Tests;
			productReference = F0C6DBC51F571655004DC2C0 /* ProjectV3Tests.xctest */;
			productType = "com.apple.product-type.bundle.unit-test";
		};
		F0C6DBCF1F571655004DC2C0 /* ProjectV3UITests */ = {
			isa = PBXNativeTarget;
			buildConfigurationList = F0C6DBDF1F571655004DC2C0 /* Build configuration list for PBXNativeTarget "ProjectV3UITests" */;
			buildPhases = (
				C2043969ACDD0B4DBF1A8E7D /* [CP] Check Pods Manifest.lock */,
				F0C6DBCC1F571655004DC2C0 /* Sources */,
				F0C6DBCD1F571655004DC2C0 /* Frameworks */,
				F0C6DBCE1F571655004DC2C0 /* Resources */,
				C17A170ED6D57ABF514E784B /* [CP] Embed Pods Frameworks */,
				02D215FC7D7A7BF8248C8385 /* [CP] Copy Pods Resources */,
			);
			buildRules = (
			);
			dependencies = (
				F0C6DBD21F571655004DC2C0 /* PBXTargetDependency */,
			);
			name = ProjectV3UITests;
			productName = ProjectV3UITests;
			productReference = F0C6DBD01F571655004DC2C0 /* ProjectV3UITests.xctest */;
			productType = "com.apple.product-type.bundle.ui-testing";
		};
/* End PBXNativeTarget section */

/* Begin PBXProject section */
		F0C6DBA91F571655004DC2C0 /* Project object */ = {
			isa = PBXProject;
			attributes = {
				LastSwiftUpdateCheck = 0830;
				LastUpgradeCheck = 0830;
				ORGANIZATIONNAME = Prapatsorn;
				TargetAttributes = {
					F0C6DBB01F571655004DC2C0 = {
						CreatedOnToolsVersion = 8.3.3;
						ProvisioningStyle = Automatic;
					};
					F0C6DBC41F571655004DC2C0 = {
						CreatedOnToolsVersion = 8.3.3;
						ProvisioningStyle = Automatic;
						TestTargetID = F0C6DBB01F571655004DC2C0;
					};
					F0C6DBCF1F571655004DC2C0 = {
						CreatedOnToolsVersion = 8.3.3;
						ProvisioningStyle = Automatic;
						TestTargetID = F0C6DBB01F571655004DC2C0;
					};
				};
			};
			buildConfigurationList = F0C6DBAC1F571655004DC2C0 /* Build configuration list for PBXProject "ProjectV3" */;
			compatibilityVersion = "Xcode 3.2";
			developmentRegion = English;
			hasScannedForEncodings = 0;
			knownRegions = (
				en,
				Base,
			);
			mainGroup = F0C6DBA81F571655004DC2C0;
			productRefGroup = F0C6DBB21F571655004DC2C0 /* Products */;
			projectDirPath = "";
			projectRoot = "";
			targets = (
				F0C6DBB01F571655004DC2C0 /* ProjectV3 */,
				F0C6DBC41F571655004DC2C0 /* ProjectV3Tests */,
				F0C6DBCF1F571655004DC2C0 /* ProjectV3UITests */,
			);
		};
/* End PBXProject section */

/* Begin PBXResourcesBuildPhase section */
		F0C6DBAF1F571655004DC2C0 /* Resources */ = {
			isa = PBXResourcesBuildPhase;
			buildActionMask = 2147483647;
			files = (
				F0C6DBBF1F571655004DC2C0 /* LaunchScreen.storyboard in Resources */,
				F0C6DBE81F5AF95C004DC2C0 /* GoogleService-Info.plist in Resources */,
				F0C6DBBC1F571655004DC2C0 /* Assets.xcassets in Resources */,
				F0C6DBBA1F571655004DC2C0 /* Main.storyboard in Resources */,
			);
			runOnlyForDeploymentPostprocessing = 0;
		};
		F0C6DBC31F571655004DC2C0 /* Resources */ = {
			isa = PBXResourcesBuildPhase;
			buildActionMask = 2147483647;
			files = (
			);
			runOnlyForDeploymentPostprocessing = 0;
		};
		F0C6DBCE1F571655004DC2C0 /* Resources */ = {
			isa = PBXResourcesBuildPhase;
			buildActionMask = 2147483647;
			files = (
			);
			runOnlyForDeploymentPostprocessing = 0;
		};
/* End PBXResourcesBuildPhase section */

/* Begin PBXShellScriptBuildPhase section */
		02D215FC7D7A7BF8248C8385 /* [CP] Copy Pods Resources */ = {
			isa = PBXShellScriptBuildPhase;
			buildActionMask = 2147483647;
			files = (
			);
			inputPaths = (
			);
			name = "[CP] Copy Pods Resources";
			outputPaths = (
			);
			runOnlyForDeploymentPostprocessing = 0;
			shellPath = /bin/sh;
			shellScript = "\"${SRCROOT}/Pods/Target Support Files/Pods-ProjectV3UITests/Pods-ProjectV3UITests-resources.sh\"\n";
			showEnvVarsInLog = 0;
		};
		1613DD0B1389D24B4BA448E8 /* [CP] Copy Pods Resources */ = {
			isa = PBXShellScriptBuildPhase;
			buildActionMask = 2147483647;
			files = (
			);
			inputPaths = (
				"${SRCROOT}/Pods/Target Support Files/Pods-ProjectV3/Pods-ProjectV3-resources.sh",
				"${PODS_CONFIGURATION_BUILD_DIR}/FirebaseUI/FirebaseAuthUI.bundle",
				"${PODS_CONFIGURATION_BUILD_DIR}/FirebaseUI/FirebaseGoogleAuthUI.bundle",
				"${PODS_ROOT}/GoogleSignIn/Resources/GoogleSignIn.bundle",
			);
			name = "[CP] Copy Pods Resources";
			outputPaths = (
				"${TARGET_BUILD_DIR}/${UNLOCALIZED_RESOURCES_FOLDER_PATH}/FirebaseAuthUI.bundle",
				"${TARGET_BUILD_DIR}/${UNLOCALIZED_RESOURCES_FOLDER_PATH}/FirebaseGoogleAuthUI.bundle",
				"${TARGET_BUILD_DIR}/${UNLOCALIZED_RESOURCES_FOLDER_PATH}/GoogleSignIn.bundle",
			);
			runOnlyForDeploymentPostprocessing = 0;
			shellPath = /bin/sh;
			shellScript = "\"${SRCROOT}/Pods/Target Support Files/Pods-ProjectV3/Pods-ProjectV3-resources.sh\"\n";
			showEnvVarsInLog = 0;
		};
		1B78DE245EE98B943C1CC841 /* [CP] Embed Pods Frameworks */ = {
			isa = PBXShellScriptBuildPhase;
			buildActionMask = 2147483647;
			files = (
			);
			inputPaths = (
			);
			name = "[CP] Embed Pods Frameworks";
			outputPaths = (
			);
			runOnlyForDeploymentPostprocessing = 0;
			shellPath = /bin/sh;
			shellScript = "\"${SRCROOT}/Pods/Target Support Files/Pods-ProjectV3Tests/Pods-ProjectV3Tests-frameworks.sh\"\n";
			showEnvVarsInLog = 0;
		};
		AD2883020E193911E3CB1EB3 /* [CP] Check Pods Manifest.lock */ = {
			isa = PBXShellScriptBuildPhase;
			buildActionMask = 2147483647;
			files = (
			);
			inputPaths = (
				"${PODS_PODFILE_DIR_PATH}/Podfile.lock",
				"${PODS_ROOT}/Manifest.lock",
			);
			name = "[CP] Check Pods Manifest.lock";
			outputPaths = (
				"$(DERIVED_FILE_DIR)/Pods-ProjectV3Tests-checkManifestLockResult.txt",
			);
			runOnlyForDeploymentPostprocessing = 0;
			shellPath = /bin/sh;
			shellScript = "diff \"${PODS_PODFILE_DIR_PATH}/Podfile.lock\" \"${PODS_ROOT}/Manifest.lock\" > /dev/null\nif [ $? != 0 ] ; then\n    # print error to STDERR\n    echo \"error: The sandbox is not in sync with the Podfile.lock. Run 'pod install' or update your CocoaPods installation.\" >&2\n    exit 1\nfi\n# This output is used by Xcode 'outputs' to avoid re-running this script phase.\necho \"SUCCESS\" > \"${SCRIPT_OUTPUT_FILE_0}\"\n";
			showEnvVarsInLog = 0;
		};
		B943DDF6C0270976E53202F4 /* [CP] Check Pods Manifest.lock */ = {
			isa = PBXShellScriptBuildPhase;
			buildActionMask = 2147483647;
			files = (
			);
			inputPaths = (
				"${PODS_PODFILE_DIR_PATH}/Podfile.lock",
				"${PODS_ROOT}/Manifest.lock",
			);
			name = "[CP] Check Pods Manifest.lock";
			outputPaths = (
				"$(DERIVED_FILE_DIR)/Pods-ProjectV3-checkManifestLockResult.txt",
			);
			runOnlyForDeploymentPostprocessing = 0;
			shellPath = /bin/sh;
			shellScript = "diff \"${PODS_PODFILE_DIR_PATH}/Podfile.lock\" \"${PODS_ROOT}/Manifest.lock\" > /dev/null\nif [ $? != 0 ] ; then\n    # print error to STDERR\n    echo \"error: The sandbox is not in sync with the Podfile.lock. Run 'pod install' or update your CocoaPods installation.\" >&2\n    exit 1\nfi\n# This output is used by Xcode 'outputs' to avoid re-running this script phase.\necho \"SUCCESS\" > \"${SCRIPT_OUTPUT_FILE_0}\"\n";
			showEnvVarsInLog = 0;
		};
		C17A170ED6D57ABF514E784B /* [CP] Embed Pods Frameworks */ = {
			isa = PBXShellScriptBuildPhase;
			buildActionMask = 2147483647;
			files = (
			);
			inputPaths = (
			);
			name = "[CP] Embed Pods Frameworks";
			outputPaths = (
			);
			runOnlyForDeploymentPostprocessing = 0;
			shellPath = /bin/sh;
			shellScript = "\"${SRCROOT}/Pods/Target Support Files/Pods-ProjectV3UITests/Pods-ProjectV3UITests-frameworks.sh\"\n";
			showEnvVarsInLog = 0;
		};
		C2043969ACDD0B4DBF1A8E7D /* [CP] Check Pods Manifest.lock */ = {
			isa = PBXShellScriptBuildPhase;
			buildActionMask = 2147483647;
			files = (
			);
			inputPaths = (
				"${PODS_PODFILE_DIR_PATH}/Podfile.lock",
				"${PODS_ROOT}/Manifest.lock",
			);
			name = "[CP] Check Pods Manifest.lock";
			outputPaths = (
				"$(DERIVED_FILE_DIR)/Pods-ProjectV3UITests-checkManifestLockResult.txt",
			);
			runOnlyForDeploymentPostprocessing = 0;
			shellPath = /bin/sh;
			shellScript = "diff \"${PODS_PODFILE_DIR_PATH}/Podfile.lock\" \"${PODS_ROOT}/Manifest.lock\" > /dev/null\nif [ $? != 0 ] ; then\n    # print error to STDERR\n    echo \"error: The sandbox is not in sync with the Podfile.lock. Run 'pod install' or update your CocoaPods installation.\" >&2\n    exit 1\nfi\n# This output is used by Xcode 'outputs' to avoid re-running this script phase.\necho \"SUCCESS\" > \"${SCRIPT_OUTPUT_FILE_0}\"\n";
			showEnvVarsInLog = 0;
		};
		C7D49F88FA89FE3573A5AD42 /* [CP] Copy Pods Resources */ = {
			isa = PBXShellScriptBuildPhase;
			buildActionMask = 2147483647;
			files = (
			);
			inputPaths = (
			);
			name = "[CP] Copy Pods Resources";
			outputPaths = (
			);
			runOnlyForDeploymentPostprocessing = 0;
			shellPath = /bin/sh;
			shellScript = "\"${SRCROOT}/Pods/Target Support Files/Pods-ProjectV3Tests/Pods-ProjectV3Tests-resources.sh\"\n";
			showEnvVarsInLog = 0;
		};
		CB8ED5365395E39BADCB79C6 /* [CP] Embed Pods Frameworks */ = {
			isa = PBXShellScriptBuildPhase;
			buildActionMask = 2147483647;
			files = (
			);
			inputPaths = (
				"${SRCROOT}/Pods/Target Support Files/Pods-ProjectV3/Pods-ProjectV3-frameworks.sh",
				"${BUILT_PRODUCTS_DIR}/CryptoSwift/CryptoSwift.framework",
				"${BUILT_PRODUCTS_DIR}/GTMOAuth2/GTMOAuth2.framework",
				"${BUILT_PRODUCTS_DIR}/GTMSessionFetcher/GTMSessionFetcher.framework",
				"${BUILT_PRODUCTS_DIR}/GoogleToolboxForMac/GoogleToolboxForMac.framework",
				"${BUILT_PRODUCTS_DIR}/SwiftOTP/SwiftOTP.framework",
				"${BUILT_PRODUCTS_DIR}/leveldb-library/leveldb.framework",
				"${BUILT_PRODUCTS_DIR}/nanopb/nanopb.framework",
			);
			name = "[CP] Embed Pods Frameworks";
			outputPaths = (
				"${TARGET_BUILD_DIR}/${FRAMEWORKS_FOLDER_PATH}/CryptoSwift.framework",
				"${TARGET_BUILD_DIR}/${FRAMEWORKS_FOLDER_PATH}/GTMOAuth2.framework",
				"${TARGET_BUILD_DIR}/${FRAMEWORKS_FOLDER_PATH}/GTMSessionFetcher.framework",
				"${TARGET_BUILD_DIR}/${FRAMEWORKS_FOLDER_PATH}/GoogleToolboxForMac.framework",
				"${TARGET_BUILD_DIR}/${FRAMEWORKS_FOLDER_PATH}/SwiftOTP.framework",
				"${TARGET_BUILD_DIR}/${FRAMEWORKS_FOLDER_PATH}/leveldb.framework",
				"${TARGET_BUILD_DIR}/${FRAMEWORKS_FOLDER_PATH}/nanopb.framework",
			);
			runOnlyForDeploymentPostprocessing = 0;
			shellPath = /bin/sh;
			shellScript = "\"${SRCROOT}/Pods/Target Support Files/Pods-ProjectV3/Pods-ProjectV3-frameworks.sh\"\n";
			showEnvVarsInLog = 0;
		};
/* End PBXShellScriptBuildPhase section */

/* Begin PBXSourcesBuildPhase section */
		F0C6DBAD1F571655004DC2C0 /* Sources */ = {
			isa = PBXSourcesBuildPhase;
			buildActionMask = 2147483647;
			files = (
				F0A76E7D20EA1BA4001504A1 /* Product6.swift in Sources */,
				F0A76E7820EA1BA4001504A1 /* MenuBarController.swift in Sources */,
				F0A0D986209F0BC900582EFE /* Base32.swift in Sources */,
				F0A0D97E209DA81C00582EFE /* HOTP.swift in Sources */,
				F0C6DBB71F571655004DC2C0 /* ViewController.swift in Sources */,
				F0A76E8320EA1BA4001504A1 /* Extension.swift in Sources */,
				F0C6DBEF1F5D6D26004DC2C0 /* ForgotPasswordController.swift in Sources */,
				F0A76E7A20EA1BA4001504A1 /* Product0.swift in Sources */,
				F0A0D980209DA87F00582EFE /* OTPAlgorithm.swift in Sources */,
				F0A76E7C20EA1BA4001504A1 /* Product5.swift in Sources */,
				F0A0D984209DA8D000582EFE /* TOTP.swift in Sources */,
				F0A76E8420EA1BA4001504A1 /* Product2.swift in Sources */,
				F0A76E7F20EA1BA4001504A1 /* ProductCell.swift in Sources */,
				F0F08D17204922AE000C1D2B /* PaymentController.swift in Sources */,
				F0F08D19204928BF000C1D2B /* OTPController.swift in Sources */,
				F0A76E8220EA1BA4001504A1 /* SearchController.swift in Sources */,
				F0A76E7720EA1BA4001504A1 /* HomeController.swift in Sources */,
				F0A76E8120EA1BA4001504A1 /* FeedCell.swift in Sources */,
				F0A0D988209F0BF700582EFE /* StringExtension.swift in Sources */,
				F0A76E7620EA1BA4001504A1 /* Product3.swift in Sources */,
				F0A0D97C209DA79C00582EFE /* Generator.swift in Sources */,
				F0A76E8520EA1BA4001504A1 /* AccountController.swift in Sources */,
				F0A76E7E20EA1BA4001504A1 /* Product1.swift in Sources */,
				F0A76E7B20EA1BA4001504A1 /* MenuBar.swift in Sources */,
				F0C6DBE41F571B26004DC2C0 /* LoginController.swift in Sources */,
				F0A76E7920EA1BA4001504A1 /* Product4.swift in Sources */,
				F0C6DBB51F571655004DC2C0 /* AppDelegate.swift in Sources */,
				F0A76E8020EA1BA4001504A1 /* Product.swift in Sources */,
			);
			runOnlyForDeploymentPostprocessing = 0;
		};
		F0C6DBC11F571655004DC2C0 /* Sources */ = {
			isa = PBXSourcesBuildPhase;
			buildActionMask = 2147483647;
			files = (
				F0C6DBCA1F571655004DC2C0 /* ProjectV3Tests.swift in Sources */,
			);
			runOnlyForDeploymentPostprocessing = 0;
		};
		F0C6DBCC1F571655004DC2C0 /* Sources */ = {
			isa = PBXSourcesBuildPhase;
			buildActionMask = 2147483647;
			files = (
				F0C6DBD51F571655004DC2C0 /* ProjectV3UITests.swift in Sources */,
			);
			runOnlyForDeploymentPostprocessing = 0;
		};
/* End PBXSourcesBuildPhase section */

/* Begin PBXTargetDependency section */
		F0C6DBC71F571655004DC2C0 /* PBXTargetDependency */ = {
			isa = PBXTargetDependency;
			target = F0C6DBB01F571655004DC2C0 /* ProjectV3 */;
			targetProxy = F0C6DBC61F571655004DC2C0 /* PBXContainerItemProxy */;
		};
		F0C6DBD21F571655004DC2C0 /* PBXTargetDependency */ = {
			isa = PBXTargetDependency;
			target = F0C6DBB01F571655004DC2C0 /* ProjectV3 */;
			targetProxy = F0C6DBD11F571655004DC2C0 /* PBXContainerItemProxy */;
		};
/* End PBXTargetDependency section */

/* Begin PBXVariantGroup section */
		F0C6DBB81F571655004DC2C0 /* Main.storyboard */ = {
			isa = PBXVariantGroup;
			children = (
				F0C6DBB91F571655004DC2C0 /* Base */,
			);
			name = Main.storyboard;
			sourceTree = "<group>";
		};
		F0C6DBBD1F571655004DC2C0 /* LaunchScreen.storyboard */ = {
			isa = PBXVariantGroup;
			children = (
				F0C6DBBE1F571655004DC2C0 /* Base */,
			);
			name = LaunchScreen.storyboard;
			sourceTree = "<group>";
		};
/* End PBXVariantGroup section */

/* Begin XCBuildConfiguration section */
		F0C6DBD71F571655004DC2C0 /* Debug */ = {
			isa = XCBuildConfiguration;
			buildSettings = {
				ALWAYS_SEARCH_USER_PATHS = NO;
				CLANG_ANALYZER_NONNULL = YES;
				CLANG_ANALYZER_NUMBER_OBJECT_CONVERSION = YES_AGGRESSIVE;
				CLANG_CXX_LANGUAGE_STANDARD = "gnu++0x";
				CLANG_CXX_LIBRARY = "libc++";
				CLANG_ENABLE_MODULES = YES;
				CLANG_ENABLE_OBJC_ARC = YES;
				CLANG_WARN_BOOL_CONVERSION = YES;
				CLANG_WARN_CONSTANT_CONVERSION = YES;
				CLANG_WARN_DIRECT_OBJC_ISA_USAGE = YES_ERROR;
				CLANG_WARN_DOCUMENTATION_COMMENTS = YES;
				CLANG_WARN_EMPTY_BODY = YES;
				CLANG_WARN_ENUM_CONVERSION = YES;
				CLANG_WARN_INFINITE_RECURSION = YES;
				CLANG_WARN_INT_CONVERSION = YES;
				CLANG_WARN_OBJC_ROOT_CLASS = YES_ERROR;
				CLANG_WARN_SUSPICIOUS_MOVE = YES;
				CLANG_WARN_UNREACHABLE_CODE = YES;
				CLANG_WARN__DUPLICATE_METHOD_MATCH = YES;
				"CODE_SIGN_IDENTITY[sdk=iphoneos*]" = "iPhone Developer";
				COPY_PHASE_STRIP = NO;
				DEBUG_INFORMATION_FORMAT = dwarf;
				ENABLE_STRICT_OBJC_MSGSEND = YES;
				ENABLE_TESTABILITY = YES;
				GCC_C_LANGUAGE_STANDARD = gnu99;
				GCC_DYNAMIC_NO_PIC = NO;
				GCC_NO_COMMON_BLOCKS = YES;
				GCC_OPTIMIZATION_LEVEL = 0;
				GCC_PREPROCESSOR_DEFINITIONS = (
					"DEBUG=1",
					"$(inherited)",
				);
				GCC_WARN_64_TO_32_BIT_CONVERSION = YES;
				GCC_WARN_ABOUT_RETURN_TYPE = YES_ERROR;
				GCC_WARN_UNDECLARED_SELECTOR = YES;
				GCC_WARN_UNINITIALIZED_AUTOS = YES_AGGRESSIVE;
				GCC_WARN_UNUSED_FUNCTION = YES;
				GCC_WARN_UNUSED_VARIABLE = YES;
				IPHONEOS_DEPLOYMENT_TARGET = 10.3;
				MTL_ENABLE_DEBUG_INFO = YES;
				ONLY_ACTIVE_ARCH = YES;
				SDKROOT = iphoneos;
				SWIFT_ACTIVE_COMPILATION_CONDITIONS = DEBUG;
				SWIFT_OPTIMIZATION_LEVEL = "-Onone";
			};
			name = Debug;
		};
		F0C6DBD81F571655004DC2C0 /* Release */ = {
			isa = XCBuildConfiguration;
			buildSettings = {
				ALWAYS_SEARCH_USER_PATHS = NO;
				CLANG_ANALYZER_NONNULL = YES;
				CLANG_ANALYZER_NUMBER_OBJECT_CONVERSION = YES_AGGRESSIVE;
				CLANG_CXX_LANGUAGE_STANDARD = "gnu++0x";
				CLANG_CXX_LIBRARY = "libc++";
				CLANG_ENABLE_MODULES = YES;
				CLANG_ENABLE_OBJC_ARC = YES;
				CLANG_WARN_BOOL_CONVERSION = YES;
				CLANG_WARN_CONSTANT_CONVERSION = YES;
				CLANG_WARN_DIRECT_OBJC_ISA_USAGE = YES_ERROR;
				CLANG_WARN_DOCUMENTATION_COMMENTS = YES;
				CLANG_WARN_EMPTY_BODY = YES;
				CLANG_WARN_ENUM_CONVERSION = YES;
				CLANG_WARN_INFINITE_RECURSION = YES;
				CLANG_WARN_INT_CONVERSION = YES;
				CLANG_WARN_OBJC_ROOT_CLASS = YES_ERROR;
				CLANG_WARN_SUSPICIOUS_MOVE = YES;
				CLANG_WARN_UNREACHABLE_CODE = YES;
				CLANG_WARN__DUPLICATE_METHOD_MATCH = YES;
				"CODE_SIGN_IDENTITY[sdk=iphoneos*]" = "iPhone Developer";
				COPY_PHASE_STRIP = NO;
				DEBUG_INFORMATION_FORMAT = "dwarf-with-dsym";
				ENABLE_NS_ASSERTIONS = NO;
				ENABLE_STRICT_OBJC_MSGSEND = YES;
				GCC_C_LANGUAGE_STANDARD = gnu99;
				GCC_NO_COMMON_BLOCKS = YES;
				GCC_WARN_64_TO_32_BIT_CONVERSION = YES;
				GCC_WARN_ABOUT_RETURN_TYPE = YES_ERROR;
				GCC_WARN_UNDECLARED_SELECTOR = YES;
				GCC_WARN_UNINITIALIZED_AUTOS = YES_AGGRESSIVE;
				GCC_WARN_UNUSED_FUNCTION = YES;
				GCC_WARN_UNUSED_VARIABLE = YES;
				IPHONEOS_DEPLOYMENT_TARGET = 10.3;
				MTL_ENABLE_DEBUG_INFO = NO;
				SDKROOT = iphoneos;
				SWIFT_OPTIMIZATION_LEVEL = "-Owholemodule";
				VALIDATE_PRODUCT = YES;
			};
			name = Release;
		};
		F0C6DBDA1F571655004DC2C0 /* Debug */ = {
			isa = XCBuildConfiguration;
			baseConfigurationReference = 6CC8ACCD7AD140AF816661C9 /* Pods-ProjectV3.debug.xcconfig */;
			buildSettings = {
				ALWAYS_SEARCH_USER_PATHS = NO;
				ASSETCATALOG_COMPILER_APPICON_NAME = AppIcon;
				FRAMEWORK_SEARCH_PATHS = (
					"$(inherited)",
					"\"${PODS_CONFIGURATION_BUILD_DIR}/GTMSessionFetcher\"",
					"\"${PODS_CONFIGURATION_BUILD_DIR}/GoogleToolboxForMac\"",
					"\"${PODS_CONFIGURATION_BUILD_DIR}/leveldb-library\"",
					"\"${PODS_CONFIGURATION_BUILD_DIR}/nanopb\"",
					"\"${PODS_ROOT}/FirebaseAnalytics/Frameworks\"",
					"\"${PODS_ROOT}/FirebaseAuth/Frameworks\"",
					"\"${PODS_ROOT}/FirebaseCore/Frameworks\"",
					"\"${PODS_ROOT}/FirebaseDatabase/Frameworks\"",
					"\"${PODS_ROOT}/FirebaseInstanceID/Frameworks\"",
					"\"${PODS_ROOT}/FirebaseStorage/Frameworks\"",
				);
				INFOPLIST_FILE = ProjectV3/Info.plist;
				LD_RUNPATH_SEARCH_PATHS = "$(inherited) @executable_path/Frameworks";
				PRODUCT_BUNDLE_IDENTIFIER = com.fon.ProjectV3;
				PRODUCT_NAME = "$(TARGET_NAME)";
				SWIFT_VERSION = 3.0;
			};
			name = Debug;
		};
		F0C6DBDB1F571655004DC2C0 /* Release */ = {
			isa = XCBuildConfiguration;
			baseConfigurationReference = 15746CB48C3CC905C62C4977 /* Pods-ProjectV3.release.xcconfig */;
			buildSettings = {
				ALWAYS_SEARCH_USER_PATHS = NO;
				ASSETCATALOG_COMPILER_APPICON_NAME = AppIcon;
				FRAMEWORK_SEARCH_PATHS = (
					"$(inherited)",
					"\"${PODS_CONFIGURATION_BUILD_DIR}/GTMSessionFetcher\"",
					"\"${PODS_CONFIGURATION_BUILD_DIR}/GoogleToolboxForMac\"",
					"\"${PODS_CONFIGURATION_BUILD_DIR}/leveldb-library\"",
					"\"${PODS_CONFIGURATION_BUILD_DIR}/nanopb\"",
					"\"${PODS_ROOT}/FirebaseAnalytics/Frameworks\"",
					"\"${PODS_ROOT}/FirebaseAuth/Frameworks\"",
					"\"${PODS_ROOT}/FirebaseCore/Frameworks\"",
					"\"${PODS_ROOT}/FirebaseDatabase/Frameworks\"",
					"\"${PODS_ROOT}/FirebaseInstanceID/Frameworks\"",
					"\"${PODS_ROOT}/FirebaseStorage/Frameworks\"",
				);
				INFOPLIST_FILE = ProjectV3/Info.plist;
				LD_RUNPATH_SEARCH_PATHS = "$(inherited) @executable_path/Frameworks";
				PRODUCT_BUNDLE_IDENTIFIER = com.fon.ProjectV3;
				PRODUCT_NAME = "$(TARGET_NAME)";
				SWIFT_VERSION = 3.0;
			};
			name = Release;
		};
		F0C6DBDD1F571655004DC2C0 /* Debug */ = {
			isa = XCBuildConfiguration;
			baseConfigurationReference = 1D73F696EEE921E1212B16D7 /* Pods-ProjectV3Tests.debug.xcconfig */;
			buildSettings = {
				ALWAYS_EMBED_SWIFT_STANDARD_LIBRARIES = YES;
				BUNDLE_LOADER = "$(TEST_HOST)";
				INFOPLIST_FILE = ProjectV3Tests/Info.plist;
				LD_RUNPATH_SEARCH_PATHS = "$(inherited) @executable_path/Frameworks @loader_path/Frameworks";
				PRODUCT_BUNDLE_IDENTIFIER = com.fon.ProjectV3Tests;
				PRODUCT_NAME = "$(TARGET_NAME)";
				SWIFT_VERSION = 3.0;
				TEST_HOST = "$(BUILT_PRODUCTS_DIR)/ProjectV3.app/ProjectV3";
			};
			name = Debug;
		};
		F0C6DBDE1F571655004DC2C0 /* Release */ = {
			isa = XCBuildConfiguration;
			baseConfigurationReference = 79B11A2DF7582F0360476491 /* Pods-ProjectV3Tests.release.xcconfig */;
			buildSettings = {
				ALWAYS_EMBED_SWIFT_STANDARD_LIBRARIES = YES;
				BUNDLE_LOADER = "$(TEST_HOST)";
				INFOPLIST_FILE = ProjectV3Tests/Info.plist;
				LD_RUNPATH_SEARCH_PATHS = "$(inherited) @executable_path/Frameworks @loader_path/Frameworks";
				PRODUCT_BUNDLE_IDENTIFIER = com.fon.ProjectV3Tests;
				PRODUCT_NAME = "$(TARGET_NAME)";
				SWIFT_VERSION = 3.0;
				TEST_HOST = "$(BUILT_PRODUCTS_DIR)/ProjectV3.app/ProjectV3";
			};
			name = Release;
		};
		F0C6DBE01F571655004DC2C0 /* Debug */ = {
			isa = XCBuildConfiguration;
			baseConfigurationReference = A36C5EEFA4CD40E0BC6C6084 /* Pods-ProjectV3UITests.debug.xcconfig */;
			buildSettings = {
				ALWAYS_EMBED_SWIFT_STANDARD_LIBRARIES = YES;
				INFOPLIST_FILE = ProjectV3UITests/Info.plist;
				LD_RUNPATH_SEARCH_PATHS = "$(inherited) @executable_path/Frameworks @loader_path/Frameworks";
				PRODUCT_BUNDLE_IDENTIFIER = com.fon.ProjectV3UITests;
				PRODUCT_NAME = "$(TARGET_NAME)";
				SWIFT_VERSION = 3.0;
				TEST_TARGET_NAME = ProjectV3;
			};
			name = Debug;
		};
		F0C6DBE11F571655004DC2C0 /* Release */ = {
			isa = XCBuildConfiguration;
			baseConfigurationReference = 3BB259376C3EDB7B58402DD8 /* Pods-ProjectV3UITests.release.xcconfig */;
			buildSettings = {
				ALWAYS_EMBED_SWIFT_STANDARD_LIBRARIES = YES;
				INFOPLIST_FILE = ProjectV3UITests/Info.plist;
				LD_RUNPATH_SEARCH_PATHS = "$(inherited) @executable_path/Frameworks @loader_path/Frameworks";
				PRODUCT_BUNDLE_IDENTIFIER = com.fon.ProjectV3UITests;
				PRODUCT_NAME = "$(TARGET_NAME)";
				SWIFT_VERSION = 3.0;
				TEST_TARGET_NAME = ProjectV3;
			};
			name = Release;
		};
/* End XCBuildConfiguration section */

/* Begin XCConfigurationList section */
		F0C6DBAC1F571655004DC2C0 /* Build configuration list for PBXProject "ProjectV3" */ = {
			isa = XCConfigurationList;
			buildConfigurations = (
				F0C6DBD71F571655004DC2C0 /* Debug */,
				F0C6DBD81F571655004DC2C0 /* Release */,
			);
			defaultConfigurationIsVisible = 0;
			defaultConfigurationName = Release;
		};
		F0C6DBD91F571655004DC2C0 /* Build configuration list for PBXNativeTarget "ProjectV3" */ = {
			isa = XCConfigurationList;
			buildConfigurations = (
				F0C6DBDA1F571655004DC2C0 /* Debug */,
				F0C6DBDB1F571655004DC2C0 /* Release */,
			);
			defaultConfigurationIsVisible = 0;
			defaultConfigurationName = Release;
		};
		F0C6DBDC1F571655004DC2C0 /* Build configuration list for PBXNativeTarget "ProjectV3Tests" */ = {
			isa = XCConfigurationList;
			buildConfigurations = (
				F0C6DBDD1F571655004DC2C0 /* Debug */,
				F0C6DBDE1F571655004DC2C0 /* Release */,
			);
			defaultConfigurationIsVisible = 0;
			defaultConfigurationName = Release;
		};
		F0C6DBDF1F571655004DC2C0 /* Build configuration list for PBXNativeTarget "ProjectV3UITests" */ = {
			isa = XCConfigurationList;
			buildConfigurations = (
				F0C6DBE01F571655004DC2C0 /* Debug */,
				F0C6DBE11F571655004DC2C0 /* Release */,
			);
			defaultConfigurationIsVisible = 0;
			defaultConfigurationName = Release;
		};
/* End XCConfigurationList section */
	};
	rootObject = F0C6DBA91F571655004DC2C0 /* Project object */;
}
